# This file is automatically @generated by Cargo.
# Pinned to vulnerable versions on purpose for the HawkEye supply-chain demo.
version = 3

[[package]]
name = "hawkeye-demo-rust"
version = "0.1.0"
dependencies = [
 "chrono",
 "md5",
 "smallvec",
 "time",
]

[[package]]
name = "chrono"
version = "0.4.6"

[[package]]
name = "md5"
version = "0.7.0"

[[package]]
name = "smallvec"
version = "0.6.13"

[[package]]
name = "time"
version = "0.1.42"
